// !$*UTF8*$!
{
	archiveVersion = 1;
	classes = {
	};
	objectVersion = 50;
	objects = {

/* Begin PBXBuildFile section */
		660A145024618591006DAD45 /* GotHousesConfiguration.swift in Sources */ = {isa = PBXBuildFile; fileRef = 660A144824618591006DAD45 /* GotHousesConfiguration.swift */; };
		660A145124618591006DAD45 /* GotHousesPresenter.swift in Sources */ = {isa = PBXBuildFile; fileRef = 660A144924618591006DAD45 /* GotHousesPresenter.swift */; };
		660A145224618591006DAD45 /* GotHousesRouter.swift in Sources */ = {isa = PBXBuildFile; fileRef = 660A144A24618591006DAD45 /* GotHousesRouter.swift */; };
		660A145324618591006DAD45 /* GotHousesViewController.swift in Sources */ = {isa = PBXBuildFile; fileRef = 660A144B24618591006DAD45 /* GotHousesViewController.swift */; };
		660A145424618591006DAD45 /* GotHousesInteractor.swift in Sources */ = {isa = PBXBuildFile; fileRef = 660A144C24618591006DAD45 /* GotHousesInteractor.swift */; };
		660A145524618591006DAD45 /* GotHousesModel.swift in Sources */ = {isa = PBXBuildFile; fileRef = 660A144D24618591006DAD45 /* GotHousesModel.swift */; };
		660A145624618591006DAD45 /* GotHousesViewController.xib in Resources */ = {isa = PBXBuildFile; fileRef = 660A144E24618591006DAD45 /* GotHousesViewController.xib */; };
		660A145724618591006DAD45 /* GotHousesManager.swift in Sources */ = {isa = PBXBuildFile; fileRef = 660A144F24618591006DAD45 /* GotHousesManager.swift */; };
		660A1460246185B0006DAD45 /* GotHousesDetailsConfiguration.swift in Sources */ = {isa = PBXBuildFile; fileRef = 660A1458246185B0006DAD45 /* GotHousesDetailsConfiguration.swift */; };
		660A1461246185B0006DAD45 /* GotHousesDetailsPresenter.swift in Sources */ = {isa = PBXBuildFile; fileRef = 660A1459246185B0006DAD45 /* GotHousesDetailsPresenter.swift */; };
		660A1462246185B0006DAD45 /* GotHousesDetailsRouter.swift in Sources */ = {isa = PBXBuildFile; fileRef = 660A145A246185B0006DAD45 /* GotHousesDetailsRouter.swift */; };
		660A1463246185B0006DAD45 /* GotHousesDetailsViewController.swift in Sources */ = {isa = PBXBuildFile; fileRef = 660A145B246185B0006DAD45 /* GotHousesDetailsViewController.swift */; };
		660A1464246185B0006DAD45 /* GotHousesDetailsInteractor.swift in Sources */ = {isa = PBXBuildFile; fileRef = 660A145C246185B0006DAD45 /* GotHousesDetailsInteractor.swift */; };
		660A1465246185B0006DAD45 /* GotHousesDetailsModel.swift in Sources */ = {isa = PBXBuildFile; fileRef = 660A145D246185B0006DAD45 /* GotHousesDetailsModel.swift */; };
		660A1466246185B0006DAD45 /* GotHousesDetailsViewController.xib in Resources */ = {isa = PBXBuildFile; fileRef = 660A145E246185B0006DAD45 /* GotHousesDetailsViewController.xib */; };
		660A1467246185B0006DAD45 /* GotHousesDetailsManager.swift in Sources */ = {isa = PBXBuildFile; fileRef = 660A145F246185B0006DAD45 /* GotHousesDetailsManager.swift */; };
		660A146B24618631006DAD45 /* GotHousesDetailsEndpoint.swift in Sources */ = {isa = PBXBuildFile; fileRef = 660A146A24618631006DAD45 /* GotHousesDetailsEndpoint.swift */; };
		660A146F2461867F006DAD45 /* TableViewCell.swift in Sources */ = {isa = PBXBuildFile; fileRef = 660A146D2461867F006DAD45 /* TableViewCell.swift */; };
		660A14702461867F006DAD45 /* TableViewCell.xib in Resources */ = {isa = PBXBuildFile; fileRef = 660A146E2461867F006DAD45 /* TableViewCell.xib */; };
		660A1472246186B9006DAD45 /* GotHousesEndpoint.swift in Sources */ = {isa = PBXBuildFile; fileRef = 660A1471246186B9006DAD45 /* GotHousesEndpoint.swift */; };
		660A1475246186ED006DAD45 /* AppRoute.swift in Sources */ = {isa = PBXBuildFile; fileRef = 660A1474246186ED006DAD45 /* AppRoute.swift */; };
		660A147724618704006DAD45 /* GeneralRoute.swift in Sources */ = {isa = PBXBuildFile; fileRef = 660A147624618704006DAD45 /* GeneralRoute.swift */; };
		660A147924618786006DAD45 /* NetworkService.swift in Sources */ = {isa = PBXBuildFile; fileRef = 660A147824618786006DAD45 /* NetworkService.swift */; };
		6631FC6322E93499008F0297 /* AppDelegate.swift in Sources */ = {isa = PBXBuildFile; fileRef = 6631FC6222E93499008F0297 /* AppDelegate.swift */; };
		6631FC6A22E9349B008F0297 /* Assets.xcassets in Resources */ = {isa = PBXBuildFile; fileRef = 6631FC6922E9349B008F0297 /* Assets.xcassets */; };
		6631FC6D22E9349B008F0297 /* LaunchScreen.storyboard in Resources */ = {isa = PBXBuildFile; fileRef = 6631FC6B22E9349B008F0297 /* LaunchScreen.storyboard */; };
		6631FC9222E93832008F0297 /* MarvelModel.swift in Sources */ = {isa = PBXBuildFile; fileRef = 6631FC9122E93832008F0297 /* MarvelModel.swift */; };
		D3744DC2C28F6D472707B8E5 /* Pods_Got.framework in Frameworks */ = {isa = PBXBuildFile; fileRef = 1F4B0664F313581E43CF6E21 /* Pods_Got.framework */; };
/* End PBXBuildFile section */

/* Begin PBXFileReference section */
		1F4B0664F313581E43CF6E21 /* Pods_Got.framework */ = {isa = PBXFileReference; explicitFileType = wrapper.framework; includeInIndex = 0; path = Pods_Got.framework; sourceTree = BUILT_PRODUCTS_DIR; };
		382262D3EC1A189114F66014 /* Pods_ViperNewtworkLayerExample.framework */ = {isa = PBXFileReference; explicitFileType = wrapper.framework; includeInIndex = 0; path = Pods_ViperNewtworkLayerExample.framework; sourceTree = BUILT_PRODUCTS_DIR; };
		660A144824618591006DAD45 /* GotHousesConfiguration.swift */ = {isa = PBXFileReference; lastKnownFileType = sourcecode.swift; path = GotHousesConfiguration.swift; sourceTree = "<group>"; };
		660A144924618591006DAD45 /* GotHousesPresenter.swift */ = {isa = PBXFileReference; lastKnownFileType = sourcecode.swift; path = GotHousesPresenter.swift; sourceTree = "<group>"; };
		660A144A24618591006DAD45 /* GotHousesRouter.swift */ = {isa = PBXFileReference; lastKnownFileType = sourcecode.swift; path = GotHousesRouter.swift; sourceTree = "<group>"; };
		660A144B24618591006DAD45 /* GotHousesViewController.swift */ = {isa = PBXFileReference; lastKnownFileType = sourcecode.swift; path = GotHousesViewController.swift; sourceTree = "<group>"; };
		660A144C24618591006DAD45 /* GotHousesInteractor.swift */ = {isa = PBXFileReference; lastKnownFileType = sourcecode.swift; path = GotHousesInteractor.swift; sourceTree = "<group>"; };
		660A144D24618591006DAD45 /* GotHousesModel.swift */ = {isa = PBXFileReference; lastKnownFileType = sourcecode.swift; path = GotHousesModel.swift; sourceTree = "<group>"; };
		660A144E24618591006DAD45 /* GotHousesViewController.xib */ = {isa = PBXFileReference; lastKnownFileType = file.xib; path = GotHousesViewController.xib; sourceTree = "<group>"; };
		660A144F24618591006DAD45 /* GotHousesManager.swift */ = {isa = PBXFileReference; lastKnownFileType = sourcecode.swift; path = GotHousesManager.swift; sourceTree = "<group>"; };
		660A1458246185B0006DAD45 /* GotHousesDetailsConfiguration.swift */ = {isa = PBXFileReference; lastKnownFileType = sourcecode.swift; path = GotHousesDetailsConfiguration.swift; sourceTree = "<group>"; };
		660A1459246185B0006DAD45 /* GotHousesDetailsPresenter.swift */ = {isa = PBXFileReference; lastKnownFileType = sourcecode.swift; path = GotHousesDetailsPresenter.swift; sourceTree = "<group>"; };
		660A145A246185B0006DAD45 /* GotHousesDetailsRouter.swift */ = {isa = PBXFileReference; lastKnownFileType = sourcecode.swift; path = GotHousesDetailsRouter.swift; sourceTree = "<group>"; };
		660A145B246185B0006DAD45 /* GotHousesDetailsViewController.swift */ = {isa = PBXFileReference; lastKnownFileType = sourcecode.swift; path = GotHousesDetailsViewController.swift; sourceTree = "<group>"; };
		660A145C246185B0006DAD45 /* GotHousesDetailsInteractor.swift */ = {isa = PBXFileReference; lastKnownFileType = sourcecode.swift; path = GotHousesDetailsInteractor.swift; sourceTree = "<group>"; };
		660A145D246185B0006DAD45 /* GotHousesDetailsModel.swift */ = {isa = PBXFileReference; lastKnownFileType = sourcecode.swift; path = GotHousesDetailsModel.swift; sourceTree = "<group>"; };
		660A145E246185B0006DAD45 /* GotHousesDetailsViewController.xib */ = {isa = PBXFileReference; lastKnownFileType = file.xib; path = GotHousesDetailsViewController.xib; sourceTree = "<group>"; };
		660A145F246185B0006DAD45 /* GotHousesDetailsManager.swift */ = {isa = PBXFileReference; lastKnownFileType = sourcecode.swift; path = GotHousesDetailsManager.swift; sourceTree = "<group>"; };
		660A146A24618631006DAD45 /* GotHousesDetailsEndpoint.swift */ = {isa = PBXFileReference; lastKnownFileType = sourcecode.swift; path = GotHousesDetailsEndpoint.swift; sourceTree = "<group>"; };
		660A146D2461867F006DAD45 /* TableViewCell.swift */ = {isa = PBXFileReference; lastKnownFileType = sourcecode.swift; path = TableViewCell.swift; sourceTree = "<group>"; };
		660A146E2461867F006DAD45 /* TableViewCell.xib */ = {isa = PBXFileReference; lastKnownFileType = file.xib; path = TableViewCell.xib; sourceTree = "<group>"; };
		660A1471246186B9006DAD45 /* GotHousesEndpoint.swift */ = {isa = PBXFileReference; lastKnownFileType = sourcecode.swift; path = GotHousesEndpoint.swift; sourceTree = "<group>"; };
		660A1474246186ED006DAD45 /* AppRoute.swift */ = {isa = PBXFileReference; lastKnownFileType = sourcecode.swift; path = AppRoute.swift; sourceTree = "<group>"; };
		660A147624618704006DAD45 /* GeneralRoute.swift */ = {isa = PBXFileReference; lastKnownFileType = sourcecode.swift; path = GeneralRoute.swift; sourceTree = "<group>"; };
		660A147824618786006DAD45 /* NetworkService.swift */ = {isa = PBXFileReference; lastKnownFileType = sourcecode.swift; path = NetworkService.swift; sourceTree = "<group>"; };
		6631FC5F22E93499008F0297 /* Got.app */ = {isa = PBXFileReference; explicitFileType = wrapper.application; includeInIndex = 0; path = Got.app; sourceTree = BUILT_PRODUCTS_DIR; };
		6631FC6222E93499008F0297 /* AppDelegate.swift */ = {isa = PBXFileReference; lastKnownFileType = sourcecode.swift; path = AppDelegate.swift; sourceTree = "<group>"; };
		6631FC6922E9349B008F0297 /* Assets.xcassets */ = {isa = PBXFileReference; lastKnownFileType = folder.assetcatalog; path = Assets.xcassets; sourceTree = "<group>"; };
		6631FC6C22E9349B008F0297 /* Base */ = {isa = PBXFileReference; lastKnownFileType = file.storyboard; name = Base; path = Base.lproj/LaunchScreen.storyboard; sourceTree = "<group>"; };
		6631FC6E22E9349B008F0297 /* Info.plist */ = {isa = PBXFileReference; lastKnownFileType = text.plist.xml; path = Info.plist; sourceTree = "<group>"; };
		6631FC9122E93832008F0297 /* MarvelModel.swift */ = {isa = PBXFileReference; lastKnownFileType = sourcecode.swift; path = MarvelModel.swift; sourceTree = "<group>"; };
		6C351EDFB303748CF2055972 /* Pods-Got.debug.xcconfig */ = {isa = PBXFileReference; includeInIndex = 1; lastKnownFileType = text.xcconfig; name = "Pods-Got.debug.xcconfig"; path = "Pods/Target Support Files/Pods-Got/Pods-Got.debug.xcconfig"; sourceTree = "<group>"; };
		7711DF83808EB2FD30161743 /* Pods-ViperNewtworkLayerExample.release.xcconfig */ = {isa = PBXFileReference; includeInIndex = 1; lastKnownFileType = text.xcconfig; name = "Pods-ViperNewtworkLayerExample.release.xcconfig"; path = "Pods/Target Support Files/Pods-ViperNewtworkLayerExample/Pods-ViperNewtworkLayerExample.release.xcconfig"; sourceTree = "<group>"; };
		AE9359BDDF90561E96B3C3B5 /* Pods-Got.release.xcconfig */ = {isa = PBXFileReference; includeInIndex = 1; lastKnownFileType = text.xcconfig; name = "Pods-Got.release.xcconfig"; path = "Pods/Target Support Files/Pods-Got/Pods-Got.release.xcconfig"; sourceTree = "<group>"; };
		F7E2601B6514938EF5BEC37D /* Pods-ViperNewtworkLayerExample.debug.xcconfig */ = {isa = PBXFileReference; includeInIndex = 1; lastKnownFileType = text.xcconfig; name = "Pods-ViperNewtworkLayerExample.debug.xcconfig"; path = "Pods/Target Support Files/Pods-ViperNewtworkLayerExample/Pods-ViperNewtworkLayerExample.debug.xcconfig"; sourceTree = "<group>"; };
/* End PBXFileReference section */

/* Begin PBXFrameworksBuildPhase section */
		6631FC5C22E93499008F0297 /* Frameworks */ = {
			isa = PBXFrameworksBuildPhase;
			buildActionMask = 2147483647;
			files = (
				D3744DC2C28F6D472707B8E5 /* Pods_Got.framework in Frameworks */,
			);
			runOnlyForDeploymentPostprocessing = 0;
		};
/* End PBXFrameworksBuildPhase section */

/* Begin PBXGroup section */
		0C4C178FDA6BCFD62DE13A0D /* Pods */ = {
			isa = PBXGroup;
			children = (
				F7E2601B6514938EF5BEC37D /* Pods-ViperNewtworkLayerExample.debug.xcconfig */,
				7711DF83808EB2FD30161743 /* Pods-ViperNewtworkLayerExample.release.xcconfig */,
				6C351EDFB303748CF2055972 /* Pods-Got.debug.xcconfig */,
				AE9359BDDF90561E96B3C3B5 /* Pods-Got.release.xcconfig */,
			);
			name = Pods;
			sourceTree = "<group>";
		};
		660A14682461860D006DAD45 /* Configuration */ = {
			isa = PBXGroup;
			children = (
				660A1458246185B0006DAD45 /* GotHousesDetailsConfiguration.swift */,
			);
			path = Configuration;
			sourceTree = "<group>";
		};
		660A146924618620006DAD45 /* Services */ = {
			isa = PBXGroup;
			children = (
				660A145D246185B0006DAD45 /* GotHousesDetailsModel.swift */,
				660A145F246185B0006DAD45 /* GotHousesDetailsManager.swift */,
				660A146A24618631006DAD45 /* GotHousesDetailsEndpoint.swift */,
			);
			path = Services;
			sourceTree = "<group>";
		};
		660A146C24618642006DAD45 /* Configuration */ = {
			isa = PBXGroup;
			children = (
				660A144824618591006DAD45 /* GotHousesConfiguration.swift */,
			);
			path = Configuration;
			sourceTree = "<group>";
		};
		660A1473246186C3006DAD45 /* Services */ = {
			isa = PBXGroup;
			children = (
				660A144D24618591006DAD45 /* GotHousesModel.swift */,
				660A1471246186B9006DAD45 /* GotHousesEndpoint.swift */,
				660A144F24618591006DAD45 /* GotHousesManager.swift */,
			);
			path = Services;
			sourceTree = "<group>";
		};
		6630B0B422F0006D000BA963 /* view */ = {
			isa = PBXGroup;
			children = (
				660A144E24618591006DAD45 /* GotHousesViewController.xib */,
				660A144B24618591006DAD45 /* GotHousesViewController.swift */,
				6631FC9A22E9544D008F0297 /* TableViewCells */,
			);
			path = view;
			sourceTree = "<group>";
		};
		6631FC5622E93499008F0297 = {
			isa = PBXGroup;
			children = (
				6631FC6122E93499008F0297 /* Got */,
				6631FC6022E93499008F0297 /* Products */,
				0C4C178FDA6BCFD62DE13A0D /* Pods */,
				9EA848C28A951D83AD7DCE9C /* Frameworks */,
			);
			sourceTree = "<group>";
		};
		6631FC6022E93499008F0297 /* Products */ = {
			isa = PBXGroup;
			children = (
				6631FC5F22E93499008F0297 /* Got.app */,
			);
			name = Products;
			sourceTree = "<group>";
		};
		6631FC6122E93499008F0297 /* Got */ = {
			isa = PBXGroup;
			children = (
				6631FC6E22E9349B008F0297 /* Info.plist */,
				6631FC9422E95421008F0297 /* Core */,
				6631FC9322E95409008F0297 /* Entity */,
				6631FC9522E9544D008F0297 /* App Scenes */,
				6631FCA722E95466008F0297 /* Resources */,
			);
			path = Got;
			sourceTree = "<group>";
		};
		6631FC9322E95409008F0297 /* Entity */ = {
			isa = PBXGroup;
			children = (
				6631FC9122E93832008F0297 /* MarvelModel.swift */,
			);
			path = Entity;
			sourceTree = "<group>";
		};
		6631FC9422E95421008F0297 /* Core */ = {
			isa = PBXGroup;
			children = (
				6631FC6222E93499008F0297 /* AppDelegate.swift */,
				660A1474246186ED006DAD45 /* AppRoute.swift */,
				660A147624618704006DAD45 /* GeneralRoute.swift */,
				660A147824618786006DAD45 /* NetworkService.swift */,
			);
			path = Core;
			sourceTree = "<group>";
		};
		6631FC9522E9544D008F0297 /* App Scenes */ = {
			isa = PBXGroup;
			children = (
				6631FC9622E9544D008F0297 /* GameOfThronesHouses */,
				66C9C4CF22F40A61005A47D8 /* Details */,
			);
			path = "App Scenes";
			sourceTree = "<group>";
		};
		6631FC9622E9544D008F0297 /* GameOfThronesHouses */ = {
			isa = PBXGroup;
			children = (
				660A146C24618642006DAD45 /* Configuration */,
				6630B0B422F0006D000BA963 /* view */,
				66C9C4C522F000C5005A47D8 /* interactor */,
				66C9C4C722F000E5005A47D8 /* presenter */,
				66C9C4C622F000D9005A47D8 /* router */,
				660A1473246186C3006DAD45 /* Services */,
			);
			path = GameOfThronesHouses;
			sourceTree = "<group>";
		};
		6631FC9A22E9544D008F0297 /* TableViewCells */ = {
			isa = PBXGroup;
			children = (
				660A146D2461867F006DAD45 /* TableViewCell.swift */,
				660A146E2461867F006DAD45 /* TableViewCell.xib */,
			);
			name = TableViewCells;
			path = ../TableViewCells;
			sourceTree = "<group>";
		};
		6631FCA722E95466008F0297 /* Resources */ = {
			isa = PBXGroup;
			children = (
				6631FC6922E9349B008F0297 /* Assets.xcassets */,
				6631FC6B22E9349B008F0297 /* LaunchScreen.storyboard */,
			);
			path = Resources;
			sourceTree = "<group>";
		};
		66C9C4C522F000C5005A47D8 /* interactor */ = {
			isa = PBXGroup;
			children = (
				660A144C24618591006DAD45 /* GotHousesInteractor.swift */,
			);
			path = interactor;
			sourceTree = "<group>";
		};
		66C9C4C622F000D9005A47D8 /* router */ = {
			isa = PBXGroup;
			children = (
				660A144A24618591006DAD45 /* GotHousesRouter.swift */,
			);
			path = router;
			sourceTree = "<group>";
		};
		66C9C4C722F000E5005A47D8 /* presenter */ = {
			isa = PBXGroup;
			children = (
				660A144924618591006DAD45 /* GotHousesPresenter.swift */,
			);
			path = presenter;
			sourceTree = "<group>";
		};
		66C9C4CF22F40A61005A47D8 /* Details */ = {
			isa = PBXGroup;
			children = (
				660A14682461860D006DAD45 /* Configuration */,
				66C9C4DA22F41252005A47D8 /* view */,
				66C9C4DB22F41271005A47D8 /* interactor */,
				66C9C4DC22F4127D005A47D8 /* Presenter */,
				66C9C4DD22F41289005A47D8 /* router */,
				660A146924618620006DAD45 /* Services */,
			);
			path = Details;
			sourceTree = "<group>";
		};
		66C9C4DA22F41252005A47D8 /* view */ = {
			isa = PBXGroup;
			children = (
				660A145E246185B0006DAD45 /* GotHousesDetailsViewController.xib */,
				660A145B246185B0006DAD45 /* GotHousesDetailsViewController.swift */,
			);
			path = view;
			sourceTree = "<group>";
		};
		66C9C4DB22F41271005A47D8 /* interactor */ = {
			isa = PBXGroup;
			children = (
				660A145C246185B0006DAD45 /* GotHousesDetailsInteractor.swift */,
			);
			path = interactor;
			sourceTree = "<group>";
		};
		66C9C4DC22F4127D005A47D8 /* Presenter */ = {
			isa = PBXGroup;
			children = (
				660A1459246185B0006DAD45 /* GotHousesDetailsPresenter.swift */,
			);
			path = Presenter;
			sourceTree = "<group>";
		};
		66C9C4DD22F41289005A47D8 /* router */ = {
			isa = PBXGroup;
			children = (
				660A145A246185B0006DAD45 /* GotHousesDetailsRouter.swift */,
			);
			path = router;
			sourceTree = "<group>";
		};
		9EA848C28A951D83AD7DCE9C /* Frameworks */ = {
			isa = PBXGroup;
			children = (
				382262D3EC1A189114F66014 /* Pods_ViperNewtworkLayerExample.framework */,
				1F4B0664F313581E43CF6E21 /* Pods_Got.framework */,
			);
			name = Frameworks;
			sourceTree = "<group>";
		};
/* End PBXGroup section */

/* Begin PBXNativeTarget section */
		6631FC5E22E93499008F0297 /* Got */ = {
			isa = PBXNativeTarget;
			buildConfigurationList = 6631FC7122E9349B008F0297 /* Build configuration list for PBXNativeTarget "Got" */;
			buildPhases = (
				22A5AB6E5530124057304BE9 /* [CP] Check Pods Manifest.lock */,
				6631FC5B22E93499008F0297 /* Sources */,
				6631FC5C22E93499008F0297 /* Frameworks */,
				6631FC5D22E93499008F0297 /* Resources */,
				45B96CD02799B6D72564EDAB /* [CP] Embed Pods Frameworks */,
			);
			buildRules = (
			);
			dependencies = (
			);
			name = Got;
			productName = ViperNewtworkLayerExample;
			productReference = 6631FC5F22E93499008F0297 /* Got.app */;
			productType = "com.apple.product-type.application";
		};
/* End PBXNativeTarget section */

/* Begin PBXProject section */
		6631FC5722E93499008F0297 /* Project object */ = {
			isa = PBXProject;
			attributes = {
				LastSwiftUpdateCheck = 1020;
				LastUpgradeCheck = 1020;
				ORGANIZATIONNAME = Tamkeen;
				TargetAttributes = {
					6631FC5E22E93499008F0297 = {
						CreatedOnToolsVersion = 10.2.1;
					};
				};
			};
			buildConfigurationList = 6631FC5A22E93499008F0297 /* Build configuration list for PBXProject "Got" */;
			compatibilityVersion = "Xcode 9.3";
			developmentRegion = en;
			hasScannedForEncodings = 0;
			knownRegions = (
				en,
				Base,
			);
			mainGroup = 6631FC5622E93499008F0297;
			productRefGroup = 6631FC6022E93499008F0297 /* Products */;
			projectDirPath = "";
			projectRoot = "";
			targets = (
				6631FC5E22E93499008F0297 /* Got */,
			);
		};
/* End PBXProject section */

/* Begin PBXResourcesBuildPhase section */
		6631FC5D22E93499008F0297 /* Resources */ = {
			isa = PBXResourcesBuildPhase;
			buildActionMask = 2147483647;
			files = (
				6631FC6D22E9349B008F0297 /* LaunchScreen.storyboard in Resources */,
				660A14702461867F006DAD45 /* TableViewCell.xib in Resources */,
				660A145624618591006DAD45 /* GotHousesViewController.xib in Resources */,
				6631FC6A22E9349B008F0297 /* Assets.xcassets in Resources */,
				660A1466246185B0006DAD45 /* GotHousesDetailsViewController.xib in Resources */,
			);
			runOnlyForDeploymentPostprocessing = 0;
		};
/* End PBXResourcesBuildPhase section */

/* Begin PBXShellScriptBuildPhase section */
		22A5AB6E5530124057304BE9 /* [CP] Check Pods Manifest.lock */ = {
			isa = PBXShellScriptBuildPhase;
			buildActionMask = 2147483647;
			files = (
			);
			inputFileListPaths = (
			);
			inputPaths = (
				"${PODS_PODFILE_DIR_PATH}/Podfile.lock",
				"${PODS_ROOT}/Manifest.lock",
			);
			name = "[CP] Check Pods Manifest.lock";
			outputFileListPaths = (
			);
			outputPaths = (
				"$(DERIVED_FILE_DIR)/Pods-Got-checkManifestLockResult.txt",
			);
			runOnlyForDeploymentPostprocessing = 0;
			shellPath = /bin/sh;
			shellScript = "diff \"${PODS_PODFILE_DIR_PATH}/Podfile.lock\" \"${PODS_ROOT}/Manifest.lock\" > /dev/null\nif [ $? != 0 ] ; then\n    # print error to STDERR\n    echo \"error: The sandbox is not in sync with the Podfile.lock. Run 'pod install' or update your CocoaPods installation.\" >&2\n    exit 1\nfi\n# This output is used by Xcode 'outputs' to avoid re-running this script phase.\necho \"SUCCESS\" > \"${SCRIPT_OUTPUT_FILE_0}\"\n";
			showEnvVarsInLog = 0;
		};
		45B96CD02799B6D72564EDAB /* [CP] Embed Pods Frameworks */ = {
			isa = PBXShellScriptBuildPhase;
			buildActionMask = 2147483647;
			files = (
			);
			inputFileListPaths = (
			);
			inputPaths = (
				"${SRCROOT}/Pods/Target Support Files/Pods-Got/Pods-Got-frameworks.sh",
				"${BUILT_PRODUCTS_DIR}/Alamofire/Alamofire.framework",
				"${BUILT_PRODUCTS_DIR}/Connectivity/Connectivity.framework",
				"${BUILT_PRODUCTS_DIR}/Kingfisher/Kingfisher.framework",
			);
			name = "[CP] Embed Pods Frameworks";
			outputFileListPaths = (
			);
			outputPaths = (
				"${TARGET_BUILD_DIR}/${FRAMEWORKS_FOLDER_PATH}/Alamofire.framework",
				"${TARGET_BUILD_DIR}/${FRAMEWORKS_FOLDER_PATH}/Connectivity.framework",
				"${TARGET_BUILD_DIR}/${FRAMEWORKS_FOLDER_PATH}/Kingfisher.framework",
			);
			runOnlyForDeploymentPostprocessing = 0;
			shellPath = /bin/sh;
			shellScript = "\"${SRCROOT}/Pods/Target Support Files/Pods-Got/Pods-Got-frameworks.sh\"\n";
			showEnvVarsInLog = 0;
		};
/* End PBXShellScriptBuildPhase section */

/* Begin PBXSourcesBuildPhase section */
		6631FC5B22E93499008F0297 /* Sources */ = {
			isa = PBXSourcesBuildPhase;
			buildActionMask = 2147483647;
			files = (
				660A147924618786006DAD45 /* NetworkService.swift in Sources */,
				660A1460246185B0006DAD45 /* GotHousesDetailsConfiguration.swift in Sources */,
				660A145524618591006DAD45 /* GotHousesModel.swift in Sources */,
				660A1462246185B0006DAD45 /* GotHousesDetailsRouter.swift in Sources */,
				660A1463246185B0006DAD45 /* GotHousesDetailsViewController.swift in Sources */,
				660A145424618591006DAD45 /* GotHousesInteractor.swift in Sources */,
				660A145224618591006DAD45 /* GotHousesRouter.swift in Sources */,
				660A145324618591006DAD45 /* GotHousesViewController.swift in Sources */,
				6631FC6322E93499008F0297 /* AppDelegate.swift in Sources */,
				660A1472246186B9006DAD45 /* GotHousesEndpoint.swift in Sources */,
				660A145024618591006DAD45 /* GotHousesConfiguration.swift in Sources */,
				660A1467246185B0006DAD45 /* GotHousesDetailsManager.swift in Sources */,
				660A145124618591006DAD45 /* GotHousesPresenter.swift in Sources */,
				660A1475246186ED006DAD45 /* AppRoute.swift in Sources */,
				660A146F2461867F006DAD45 /* TableViewCell.swift in Sources */,
				6631FC9222E93832008F0297 /* MarvelModel.swift in Sources */,
				660A1464246185B0006DAD45 /* GotHousesDetailsInteractor.swift in Sources */,
				660A1465246185B0006DAD45 /* GotHousesDetailsModel.swift in Sources */,
				660A146B24618631006DAD45 /* GotHousesDetailsEndpoint.swift in Sources */,
				660A145724618591006DAD45 /* GotHousesManager.swift in Sources */,
				660A147724618704006DAD45 /* GeneralRoute.swift in Sources */,
				660A1461246185B0006DAD45 /* GotHousesDetailsPresenter.swift in Sources */,
			);
			runOnlyForDeploymentPostprocessing = 0;
		};
/* End PBXSourcesBuildPhase section */

/* Begin PBXVariantGroup section */
		6631FC6B22E9349B008F0297 /* LaunchScreen.storyboard */ = {
			isa = PBXVariantGroup;
			children = (
				6631FC6C22E9349B008F0297 /* Base */,
			);
			name = LaunchScreen.storyboard;
			sourceTree = "<group>";
		};
/* End PBXVariantGroup section */

/* Begin XCBuildConfiguration section */
		6631FC6F22E9349B008F0297 /* Debug */ = {
			isa = XCBuildConfiguration;
			buildSettings = {
				ALWAYS_SEARCH_USER_PATHS = NO;
				CLANG_ANALYZER_NONNULL = YES;
				CLANG_ANALYZER_NUMBER_OBJECT_CONVERSION = YES_AGGRESSIVE;
				CLANG_CXX_LANGUAGE_STANDARD = "gnu++14";
				CLANG_CXX_LIBRARY = "libc++";
				CLANG_ENABLE_MODULES = YES;
				CLANG_ENABLE_OBJC_ARC = YES;
				CLANG_ENABLE_OBJC_WEAK = YES;
				CLANG_WARN_BLOCK_CAPTURE_AUTORELEASING = YES;
				CLANG_WARN_BOOL_CONVERSION = YES;
				CLANG_WARN_COMMA = YES;
				CLANG_WARN_CONSTANT_CONVERSION = YES;
				CLANG_WARN_DEPRECATED_OBJC_IMPLEMENTATIONS = YES;
				CLANG_WARN_DIRECT_OBJC_ISA_USAGE = YES_ERROR;
				CLANG_WARN_DOCUMENTATION_COMMENTS = YES;
				CLANG_WARN_EMPTY_BODY = YES;
				CLANG_WARN_ENUM_CONVERSION = YES;
				CLANG_WARN_INFINITE_RECURSION = YES;
				CLANG_WARN_INT_CONVERSION = YES;
				CLANG_WARN_NON_LITERAL_NULL_CONVERSION = YES;
				CLANG_WARN_OBJC_IMPLICIT_RETAIN_SELF = YES;
				CLANG_WARN_OBJC_LITERAL_CONVERSION = YES;
				CLANG_WARN_OBJC_ROOT_CLASS = YES_ERROR;
				CLANG_WARN_RANGE_LOOP_ANALYSIS = YES;
				CLANG_WARN_STRICT_PROTOTYPES = YES;
				CLANG_WARN_SUSPICIOUS_MOVE = YES;
				CLANG_WARN_UNGUARDED_AVAILABILITY = YES_AGGRESSIVE;
				CLANG_WARN_UNREACHABLE_CODE = YES;
				CLANG_WARN__DUPLICATE_METHOD_MATCH = YES;
				CODE_SIGN_IDENTITY = "iPhone Developer";
				COPY_PHASE_STRIP = NO;
				DEBUG_INFORMATION_FORMAT = dwarf;
				ENABLE_STRICT_OBJC_MSGSEND = YES;
				ENABLE_TESTABILITY = YES;
				GCC_C_LANGUAGE_STANDARD = gnu11;
				GCC_DYNAMIC_NO_PIC = NO;
				GCC_NO_COMMON_BLOCKS = YES;
				GCC_OPTIMIZATION_LEVEL = 0;
				GCC_PREPROCESSOR_DEFINITIONS = (
					"DEBUG=1",
					"$(inherited)",
				);
				GCC_WARN_64_TO_32_BIT_CONVERSION = YES;
				GCC_WARN_ABOUT_RETURN_TYPE = YES_ERROR;
				GCC_WARN_UNDECLARED_SELECTOR = YES;
				GCC_WARN_UNINITIALIZED_AUTOS = YES_AGGRESSIVE;
				GCC_WARN_UNUSED_FUNCTION = YES;
				GCC_WARN_UNUSED_VARIABLE = YES;
				IPHONEOS_DEPLOYMENT_TARGET = 12.2;
				MTL_ENABLE_DEBUG_INFO = INCLUDE_SOURCE;
				MTL_FAST_MATH = YES;
				ONLY_ACTIVE_ARCH = YES;
				SDKROOT = iphoneos;
				SWIFT_ACTIVE_COMPILATION_CONDITIONS = DEBUG;
				SWIFT_OPTIMIZATION_LEVEL = "-Onone";
			};
			name = Debug;
		};
		6631FC7022E9349B008F0297 /* Release */ = {
			isa = XCBuildConfiguration;
			buildSettings = {
				ALWAYS_SEARCH_USER_PATHS = NO;
				CLANG_ANALYZER_NONNULL = YES;
				CLANG_ANALYZER_NUMBER_OBJECT_CONVERSION = YES_AGGRESSIVE;
				CLANG_CXX_LANGUAGE_STANDARD = "gnu++14";
				CLANG_CXX_LIBRARY = "libc++";
				CLANG_ENABLE_MODULES = YES;
				CLANG_ENABLE_OBJC_ARC = YES;
				CLANG_ENABLE_OBJC_WEAK = YES;
				CLANG_WARN_BLOCK_CAPTURE_AUTORELEASING = YES;
				CLANG_WARN_BOOL_CONVERSION = YES;
				CLANG_WARN_COMMA = YES;
				CLANG_WARN_CONSTANT_CONVERSION = YES;
				CLANG_WARN_DEPRECATED_OBJC_IMPLEMENTATIONS = YES;
				CLANG_WARN_DIRECT_OBJC_ISA_USAGE = YES_ERROR;
				CLANG_WARN_DOCUMENTATION_COMMENTS = YES;
				CLANG_WARN_EMPTY_BODY = YES;
				CLANG_WARN_ENUM_CONVERSION = YES;
				CLANG_WARN_INFINITE_RECURSION = YES;
				CLANG_WARN_INT_CONVERSION = YES;
				CLANG_WARN_NON_LITERAL_NULL_CONVERSION = YES;
				CLANG_WARN_OBJC_IMPLICIT_RETAIN_SELF = YES;
				CLANG_WARN_OBJC_LITERAL_CONVERSION = YES;
				CLANG_WARN_OBJC_ROOT_CLASS = YES_ERROR;
				CLANG_WARN_RANGE_LOOP_ANALYSIS = YES;
				CLANG_WARN_STRICT_PROTOTYPES = YES;
				CLANG_WARN_SUSPICIOUS_MOVE = YES;
				CLANG_WARN_UNGUARDED_AVAILABILITY = YES_AGGRESSIVE;
				CLANG_WARN_UNREACHABLE_CODE = YES;
				CLANG_WARN__DUPLICATE_METHOD_MATCH = YES;
				CODE_SIGN_IDENTITY = "iPhone Developer";
				COPY_PHASE_STRIP = NO;
				DEBUG_INFORMATION_FORMAT = "dwarf-with-dsym";
				ENABLE_NS_ASSERTIONS = NO;
				ENABLE_STRICT_OBJC_MSGSEND = YES;
				GCC_C_LANGUAGE_STANDARD = gnu11;
				GCC_NO_COMMON_BLOCKS = YES;
				GCC_WARN_64_TO_32_BIT_CONVERSION = YES;
				GCC_WARN_ABOUT_RETURN_TYPE = YES_ERROR;
				GCC_WARN_UNDECLARED_SELECTOR = YES;
				GCC_WARN_UNINITIALIZED_AUTOS = YES_AGGRESSIVE;
				GCC_WARN_UNUSED_FUNCTION = YES;
				GCC_WARN_UNUSED_VARIABLE = YES;
				IPHONEOS_DEPLOYMENT_TARGET = 12.2;
				MTL_ENABLE_DEBUG_INFO = NO;
				MTL_FAST_MATH = YES;
				SDKROOT = iphoneos;
				SWIFT_COMPILATION_MODE = wholemodule;
				SWIFT_OPTIMIZATION_LEVEL = "-O";
				VALIDATE_PRODUCT = YES;
			};
			name = Release;
		};
		6631FC7222E9349B008F0297 /* Debug */ = {
			isa = XCBuildConfiguration;
			baseConfigurationReference = 6C351EDFB303748CF2055972 /* Pods-Got.debug.xcconfig */;
			buildSettings = {
				ASSETCATALOG_COMPILER_APPICON_NAME = AppIcon;
				CODE_SIGN_STYLE = Automatic;
				DEVELOPMENT_TEAM = MM5396X53H;
				INFOPLIST_FILE = "$(SRCROOT)/Got/Info.plist";
				LD_RUNPATH_SEARCH_PATHS = (
					"$(inherited)",
					"@executable_path/Frameworks",
				);
				PRODUCT_BUNDLE_IDENTIFIER = com.Adam.GOT;
				PRODUCT_NAME = "$(TARGET_NAME)";
				SWIFT_VERSION = 5.0;
				TARGETED_DEVICE_FAMILY = 1;
			};
			name = Debug;
		};
		6631FC7322E9349B008F0297 /* Release */ = {
			isa = XCBuildConfiguration;
			baseConfigurationReference = AE9359BDDF90561E96B3C3B5 /* Pods-Got.release.xcconfig */;
			buildSettings = {
				ASSETCATALOG_COMPILER_APPICON_NAME = AppIcon;
				CODE_SIGN_STYLE = Automatic;
				DEVELOPMENT_TEAM = MM5396X53H;
				INFOPLIST_FILE = "$(SRCROOT)/Got/Info.plist";
				LD_RUNPATH_SEARCH_PATHS = (
					"$(inherited)",
					"@executable_path/Frameworks",
				);
				PRODUCT_BUNDLE_IDENTIFIER = com.Adam.GOT;
				PRODUCT_NAME = "$(TARGET_NAME)";
				SWIFT_VERSION = 5.0;
				TARGETED_DEVICE_FAMILY = 1;
			};
			name = Release;
		};
/* End XCBuildConfiguration section */

/* Begin XCConfigurationList section */
		6631FC5A22E93499008F0297 /* Build configuration list for PBXProject "Got" */ = {
			isa = XCConfigurationList;
			buildConfigurations = (
				6631FC6F22E9349B008F0297 /* Debug */,
				6631FC7022E9349B008F0297 /* Release */,
			);
			defaultConfigurationIsVisible = 0;
			defaultConfigurationName = Release;
		};
		6631FC7122E9349B008F0297 /* Build configuration list for PBXNativeTarget "Got" */ = {
			isa = XCConfigurationList;
			buildConfigurations = (
				6631FC7222E9349B008F0297 /* Debug */,
				6631FC7322E9349B008F0297 /* Release */,
			);
			defaultConfigurationIsVisible = 0;
			defaultConfigurationName = Release;
		};
/* End XCConfigurationList section */
	};
	rootObject = 6631FC5722E93499008F0297 /* Project object */;
}
